
Microsoft Visual Studio Solution File, Format Version 12.00
# Visual Studio 15
VisualStudioVersion = 15.0.27703.2026
MinimumVisualStudioVersion = 10.0.40219.1
Project("{9A19103F-16F7-4668-BE54-9A1E7A4F7556}") = "Codility", "Codility.csproj", "{D4336334-AF33-4A65-8B9B-B06EA82B6DED}"
EndProject
Global
	GlobalSection(SolutionConfigurationPlatforms) = preSolution
		Debug|Any CPU = Debug|Any CPU
		Release|Any CPU = Release|Any CPU
	EndGlobalSection
	GlobalSection(ProjectConfigurationPlatforms) = postSolution
		{D4336334-AF33-4A65-8B9B-B06EA82B6DED}.Debug|Any CPU.ActiveCfg = Debug|Any CPU
		{D4336334-AF33-4A65-8B9B-B06EA82B6DED}.Debug|Any CPU.Build.0 = Debug|Any CPU
		{D4336334-AF33-4A65-8B9B-B06EA82B6DED}.Release|Any CPU.ActiveCfg = Release|Any CPU
		{D4336334-AF33-4A65-8B9B-B06EA82B6DED}.Release|Any CPU.Build.0 = Release|Any CPU
	EndGlobalSection
	GlobalSection(SolutionProperties) = preSolution
		HideSolutionNode = FALSE
	EndGlobalSection
	GlobalSection(ExtensibilityGlobals) = postSolution
		SolutionGuid = {A7919645-51F9-4661-A322-6D63D278E28B}
	EndGlobalSection
EndGlobal
